
Microsoft Visual Studio Solution File, Format Version 12.00
# Visual Studio 15
VisualStudioVersion = 15.0.27703.2026
MinimumVisualStudioVersion = 10.0.40219.1
Project("{FAE04EC0-301F-11D3-BF4B-00C04F79EFBC}") = "OmenLibrary", "OmenLibrary\OmenLibrary.csproj", "{FB6E53F0-BF6A-4495-8665-1358B5608BEB}"
EndProject
Project("{FAE04EC0-301F-11D3-BF4B-00C04F79EFBC}") = "OmenDaemonService", "OmenDaemonService\OmenDaemonService.csproj", "{6576C174-6019-4D35-B1E1-C59029A2CF66}"
EndProject
Project("{FAE04EC0-301F-11D3-BF4B-00C04F79EFBC}") = "OmenTray", "OmenTray\OmenTray.csproj", "{0316C21D-1786-4775-90EF-80154067B772}"
EndProject
Global
	GlobalSection(SolutionConfigurationPlatforms) = preSolution
		Debug|Any CPU = Debug|Any CPU
		Release|Any CPU = Release|Any CPU
	EndGlobalSection
	GlobalSection(ProjectConfigurationPlatforms) = postSolution
		{FB6E53F0-BF6A-4495-8665-1358B5608BEB}.Debug|Any CPU.ActiveCfg = Debug|Any CPU
		{FB6E53F0-BF6A-4495-8665-1358B5608BEB}.Debug|Any CPU.Build.0 = Debug|Any CPU
		{FB6E53F0-BF6A-4495-8665-1358B5608BEB}.Release|Any CPU.ActiveCfg = Release|Any CPU
		{FB6E53F0-BF6A-4495-8665-1358B5608BEB}.Release|Any CPU.Build.0 = Release|Any CPU
		{6576C174-6019-4D35-B1E1-C59029A2CF66}.Debug|Any CPU.ActiveCfg = Debug|Any CPU
		{6576C174-6019-4D35-B1E1-C59029A2CF66}.Debug|Any CPU.Build.0 = Debug|Any CPU
		{6576C174-6019-4D35-B1E1-C59029A2CF66}.Release|Any CPU.ActiveCfg = Release|Any CPU
		{6576C174-6019-4D35-B1E1-C59029A2CF66}.Release|Any CPU.Build.0 = Release|Any CPU
		{0316C21D-1786-4775-90EF-80154067B772}.Debug|Any CPU.ActiveCfg = Debug|Any CPU
		{0316C21D-1786-4775-90EF-80154067B772}.Debug|Any CPU.Build.0 = Debug|Any CPU
		{0316C21D-1786-4775-90EF-80154067B772}.Release|Any CPU.ActiveCfg = Release|Any CPU
		{0316C21D-1786-4775-90EF-80154067B772}.Release|Any CPU.Build.0 = Release|Any CPU
	EndGlobalSection
	GlobalSection(SolutionProperties) = preSolution
		HideSolutionNode = FALSE
	EndGlobalSection
	GlobalSection(ExtensibilityGlobals) = postSolution
		SolutionGuid = {AA9518A1-9ADC-44EE-86B0-D1D7EE6A6E05}
	EndGlobalSection
EndGlobal
